
Microsoft Visual Studio Solution File, Format Version 12.00
# Visual Studio Version 17
VisualStudioVersion = 17.7.34024.191
MinimumVisualStudioVersion = 10.0.40219.1
Project("{9A19103F-16F7-4668-BE54-9A1E7A4F7556}") = "OrangemiumIDE", "OrangemiumIDE\OrangemiumIDE.csproj", "{CBBB34BC-5F9E-48B7-92ED-323493CBC936}"
EndProject
Project("{9A19103F-16F7-4668-BE54-9A1E7A4F7556}") = "OrangemiumIDE.Desktop", "OrangemiumIDE.Desktop\OrangemiumIDE.Desktop.csproj", "{83DFB432-2FD0-4725-86FD-22D5D700FB92}"
EndProject
Global
	GlobalSection(SolutionConfigurationPlatforms) = preSolution
		Debug|Any CPU = Debug|Any CPU
		Release|Any CPU = Release|Any CPU
	EndGlobalSection
	GlobalSection(ProjectConfigurationPlatforms) = postSolution
		{CBBB34BC-5F9E-48B7-92ED-323493CBC936}.Debug|Any CPU.ActiveCfg = Debug|Any CPU
		{CBBB34BC-5F9E-48B7-92ED-323493CBC936}.Debug|Any CPU.Build.0 = Debug|Any CPU
		{CBBB34BC-5F9E-48B7-92ED-323493CBC936}.Release|Any CPU.ActiveCfg = Release|Any CPU
		{CBBB34BC-5F9E-48B7-92ED-323493CBC936}.Release|Any CPU.Build.0 = Release|Any CPU
		{83DFB432-2FD0-4725-86FD-22D5D700FB92}.Debug|Any CPU.ActiveCfg = Debug|Any CPU
		{83DFB432-2FD0-4725-86FD-22D5D700FB92}.Debug|Any CPU.Build.0 = Debug|Any CPU
		{83DFB432-2FD0-4725-86FD-22D5D700FB92}.Release|Any CPU.ActiveCfg = Release|Any CPU
		{83DFB432-2FD0-4725-86FD-22D5D700FB92}.Release|Any CPU.Build.0 = Release|Any CPU
	EndGlobalSection
	GlobalSection(SolutionProperties) = preSolution
		HideSolutionNode = FALSE
	EndGlobalSection
	GlobalSection(ExtensibilityGlobals) = postSolution
		SolutionGuid = {4366C3AB-03BE-4878-9D0D-95804655582F}
	EndGlobalSection
EndGlobal
